
Microsoft Visual Studio Solution File, Format Version 11.00
# Visual Studio 2010
Project("{FAE04EC0-301F-11D3-BF4B-00C04F79EFBC}") = "WebProgramAR.Sitio", "WebProgramAR\WebProgramAR.Sitio.csproj", "{01F0CA54-285B-4A1A-AD15-9AB6EFC7120D}"
EndProject
Project("{FAE04EC0-301F-11D3-BF4B-00C04F79EFBC}") = "WebProgramAR.Negocio", "WebProgramAR.Negocio\WebProgramAR.Negocio.csproj", "{C5640C30-872A-4E79-8168-54DA04824F7D}"
EndProject
Project("{FAE04EC0-301F-11D3-BF4B-00C04F79EFBC}") = "WebProgramAR.DataAccess", "WebProgramAR.DataAccess\WebProgramAR.DataAccess.csproj", "{9E46F2A1-ED97-4BCF-98C1-2B73FDC060F3}"
EndProject
Project("{FAE04EC0-301F-11D3-BF4B-00C04F79EFBC}") = "WebProgramAR.Entidades", "WebProgramAR.Entidades\WebProgramAR.Entidades.csproj", "{EFAE4217-3F3A-42D6-AD00-583A5D72073A}"
EndProject
Project("{FAE04EC0-301F-11D3-BF4B-00C04F79EFBC}") = "WebProgramAR.Globales", "WebProgramAR.Globales\WebProgramAR.Globales.csproj", "{127A017E-C2D2-4E3E-9FE9-6D4E31682570}"
EndProject
Project("{FAE04EC0-301F-11D3-BF4B-00C04F79EFBC}") = "WebProgramAR.WebService", "WebProgramAR.WebService\WebProgramAR.WebService.csproj", "{3AEC4DCF-D753-40A7-943B-8FDCE39DBB5B}"
EndProject
Global
	GlobalSection(SolutionConfigurationPlatforms) = preSolution
		Debug|Any CPU = Debug|Any CPU
		Release|Any CPU = Release|Any CPU
	EndGlobalSection
	GlobalSection(ProjectConfigurationPlatforms) = postSolution
		{01F0CA54-285B-4A1A-AD15-9AB6EFC7120D}.Debug|Any CPU.ActiveCfg = Debug|Any CPU
		{01F0CA54-285B-4A1A-AD15-9AB6EFC7120D}.Debug|Any CPU.Build.0 = Debug|Any CPU
		{01F0CA54-285B-4A1A-AD15-9AB6EFC7120D}.Release|Any CPU.ActiveCfg = Release|Any CPU
		{01F0CA54-285B-4A1A-AD15-9AB6EFC7120D}.Release|Any CPU.Build.0 = Release|Any CPU
		{C5640C30-872A-4E79-8168-54DA04824F7D}.Debug|Any CPU.ActiveCfg = Debug|Any CPU
		{C5640C30-872A-4E79-8168-54DA04824F7D}.Debug|Any CPU.Build.0 = Debug|Any CPU
		{C5640C30-872A-4E79-8168-54DA04824F7D}.Release|Any CPU.ActiveCfg = Release|Any CPU
		{C5640C30-872A-4E79-8168-54DA04824F7D}.Release|Any CPU.Build.0 = Release|Any CPU
		{9E46F2A1-ED97-4BCF-98C1-2B73FDC060F3}.Debug|Any CPU.ActiveCfg = Debug|Any CPU
		{9E46F2A1-ED97-4BCF-98C1-2B73FDC060F3}.Debug|Any CPU.Build.0 = Debug|Any CPU
		{9E46F2A1-ED97-4BCF-98C1-2B73FDC060F3}.Release|Any CPU.ActiveCfg = Release|Any CPU
		{9E46F2A1-ED97-4BCF-98C1-2B73FDC060F3}.Release|Any CPU.Build.0 = Release|Any CPU
		{EFAE4217-3F3A-42D6-AD00-583A5D72073A}.Debug|Any CPU.ActiveCfg = Debug|Any CPU
		{EFAE4217-3F3A-42D6-AD00-583A5D72073A}.Debug|Any CPU.Build.0 = Debug|Any CPU
		{EFAE4217-3F3A-42D6-AD00-583A5D72073A}.Release|Any CPU.ActiveCfg = Release|Any CPU
		{EFAE4217-3F3A-42D6-AD00-583A5D72073A}.Release|Any CPU.Build.0 = Release|Any CPU
		{127A017E-C2D2-4E3E-9FE9-6D4E31682570}.Debug|Any CPU.ActiveCfg = Debug|Any CPU
		{127A017E-C2D2-4E3E-9FE9-6D4E31682570}.Debug|Any CPU.Build.0 = Debug|Any CPU
		{127A017E-C2D2-4E3E-9FE9-6D4E31682570}.Release|Any CPU.ActiveCfg = Release|Any CPU
		{127A017E-C2D2-4E3E-9FE9-6D4E31682570}.Release|Any CPU.Build.0 = Release|Any CPU
		{3AEC4DCF-D753-40A7-943B-8FDCE39DBB5B}.Debug|Any CPU.ActiveCfg = Debug|Any CPU
		{3AEC4DCF-D753-40A7-943B-8FDCE39DBB5B}.Debug|Any CPU.Build.0 = Debug|Any CPU
		{3AEC4DCF-D753-40A7-943B-8FDCE39DBB5B}.Release|Any CPU.ActiveCfg = Release|Any CPU
		{3AEC4DCF-D753-40A7-943B-8FDCE39DBB5B}.Release|Any CPU.Build.0 = Release|Any CPU
	EndGlobalSection
	GlobalSection(SolutionProperties) = preSolution
		HideSolutionNode = FALSE
	EndGlobalSection
EndGlobal
