
Microsoft Visual Studio Solution File, Format Version 11.00
# Visual Studio 2010
Project("{FAE04EC0-301F-11D3-BF4B-00C04F79EFBC}") = "CompiladorGarGar", "Compilador\Compilador\CompiladorGarGar.csproj", "{4A889524-38EC-4DFB-8720-593422EC53DC}"
EndProject
Project("{FAE04EC0-301F-11D3-BF4B-00C04F79EFBC}") = "ArmadorTransiciones", "ArmadorTransiciones\ArmadorTransiciones\ArmadorTransiciones.csproj", "{CBB82D5A-D54A-49A1-8344-3041929A1876}"
EndProject
Project("{FAE04EC0-301F-11D3-BF4B-00C04F79EFBC}") = "EJEKOR", "EJEKOR\EJEKOR.csproj", "{A9F69EB3-5235-4B36-ADC6-D99FBEB7A512}"
EndProject
Project("{FAE04EC0-301F-11D3-BF4B-00C04F79EFBC}") = "Utilidades", "Utilidades\Utilidades.csproj", "{E49532C0-201D-45C9-A5B5-5B7589FD4123}"
EndProject
Project("{FAE04EC0-301F-11D3-BF4B-00C04F79EFBC}") = "Globales", "Globales\Globales.csproj", "{3C75DCB5-024F-434F-BE26-B4AEA828B140}"
EndProject
Project("{FAE04EC0-301F-11D3-BF4B-00C04F79EFBC}") = "ICSharpCode.AvalonEdit", "ICSharpCode.AvalonEdit\ICSharpCode.AvalonEdit.csproj", "{6C55B776-26D4-4DB3-A6AB-87E783B2F3D1}"
EndProject
Project("{FAE04EC0-301F-11D3-BF4B-00C04F79EFBC}") = "FindReplace", "FindReplace\FindReplace.csproj", "{F6237B7D-9A3B-4F55-961B-72035B0DEA4D}"
EndProject
Project("{FAE04EC0-301F-11D3-BF4B-00C04F79EFBC}") = "WpfApplicationHotKey", "WpfApplicationHotKey\WpfApplicationHotKey.csproj", "{F32BAA9E-D765-4328-8031-1CDBB7A1BD72}"
EndProject
Project("{FAE04EC0-301F-11D3-BF4B-00C04F79EFBC}") = "Ragnarok", "GUI\DiagramDesigner\Ragnarok.csproj", "{B437DF5F-20E0-4082-A92E-5C1D9C31A8E9}"
EndProject
Project("{FAE04EC0-301F-11D3-BF4B-00C04F79EFBC}") = "DataAccess", "DataAccess\DataAccess.csproj", "{7F9DD2FC-B1FB-4CCE-AE6A-9F72DD296BC2}"
EndProject
Project("{FAE04EC0-301F-11D3-BF4B-00C04F79EFBC}") = "Sincronizacion", "Sincronizacion\Sincronizacion.csproj", "{2EFA7594-245C-41BA-A4D6-C1579ABE85C9}"
EndProject
Project("{54435603-DBB4-11D2-8724-00A0C9A8B90C}") = "SetupProgramAR", "..\SetupProgramAR\SetupProgramAR.vdproj", "{84CCDA39-04CC-4CC5-B164-9ED604247DCD}"
EndProject
Project("{FAE04EC0-301F-11D3-BF4B-00C04F79EFBC}") = "TesterCompilador", "TesterCompilador\TesterCompilador.csproj", "{449AD090-26E6-496B-B93C-7309E2A29FA0}"
EndProject
Project("{FAE04EC0-301F-11D3-BF4B-00C04F79EFBC}") = "LibreriaActividades", "LibreriaActividades\LibreriaActividades.csproj", "{B7D157CE-1EA9-493D-BD75-B747B7BDCD69}"
EndProject
Project("{FAE04EC0-301F-11D3-BF4B-00C04F79EFBC}") = "ModoGrafico", "ModoGrafico\ModoGrafico.csproj", "{B3763BD7-9913-486D-A1BC-2DFFA6F0682D}"
EndProject
Project("{FAE04EC0-301F-11D3-BF4B-00C04F79EFBC}") = "InterfazTextoGrafico", "InterfazTextoGrafico\InterfazTextoGrafico.csproj", "{97A51588-9D03-46C3-B101-1AF10BC285F5}"
EndProject
Project("{FAE04EC0-301F-11D3-BF4B-00C04F79EFBC}") = "RibbonControlsLibrary_v40", "Ribbon Source\RibbonControlsLibrary\v4.0\RibbonControlsLibrary_v40.csproj", "{2CA5E547-4567-45C9-8240-A408BCA5C714}"
EndProject
Project("{FAE04EC0-301F-11D3-BF4B-00C04F79EFBC}") = "AvalonWizard.netfx40", "AvalonWizard\AvalonWizard.netfx40.csproj", "{C77BABE4-5B91-4AF0-BA4A-C6D0CC355F40}"
EndProject
Global
	GlobalSection(SolutionConfigurationPlatforms) = preSolution
		Debug|Any CPU = Debug|Any CPU
		Debug|Mixed Platforms = Debug|Mixed Platforms
		Debug|x86 = Debug|x86
		Release with Code Analysis|Any CPU = Release with Code Analysis|Any CPU
		Release with Code Analysis|Mixed Platforms = Release with Code Analysis|Mixed Platforms
		Release with Code Analysis|x86 = Release with Code Analysis|x86
		Release|Any CPU = Release|Any CPU
		Release|Mixed Platforms = Release|Mixed Platforms
		Release|x86 = Release|x86
	EndGlobalSection
	GlobalSection(ProjectConfigurationPlatforms) = postSolution
		{4A889524-38EC-4DFB-8720-593422EC53DC}.Debug|Any CPU.ActiveCfg = Debug|Any CPU
		{4A889524-38EC-4DFB-8720-593422EC53DC}.Debug|Any CPU.Build.0 = Debug|Any CPU
		{4A889524-38EC-4DFB-8720-593422EC53DC}.Debug|Mixed Platforms.ActiveCfg = Debug|Any CPU
		{4A889524-38EC-4DFB-8720-593422EC53DC}.Debug|Mixed Platforms.Build.0 = Debug|Any CPU
		{4A889524-38EC-4DFB-8720-593422EC53DC}.Debug|x86.ActiveCfg = Debug|Any CPU
		{4A889524-38EC-4DFB-8720-593422EC53DC}.Release with Code Analysis|Any CPU.ActiveCfg = Release|Any CPU
		{4A889524-38EC-4DFB-8720-593422EC53DC}.Release with Code Analysis|Any CPU.Build.0 = Release|Any CPU
		{4A889524-38EC-4DFB-8720-593422EC53DC}.Release with Code Analysis|Mixed Platforms.ActiveCfg = Release|Any CPU
		{4A889524-38EC-4DFB-8720-593422EC53DC}.Release with Code Analysis|Mixed Platforms.Build.0 = Release|Any CPU
		{4A889524-38EC-4DFB-8720-593422EC53DC}.Release with Code Analysis|x86.ActiveCfg = Release|Any CPU
		{4A889524-38EC-4DFB-8720-593422EC53DC}.Release|Any CPU.ActiveCfg = Release|Any CPU
		{4A889524-38EC-4DFB-8720-593422EC53DC}.Release|Any CPU.Build.0 = Release|Any CPU
		{4A889524-38EC-4DFB-8720-593422EC53DC}.Release|Mixed Platforms.ActiveCfg = Release|Any CPU
		{4A889524-38EC-4DFB-8720-593422EC53DC}.Release|Mixed Platforms.Build.0 = Release|Any CPU
		{4A889524-38EC-4DFB-8720-593422EC53DC}.Release|x86.ActiveCfg = Release|Any CPU
		{CBB82D5A-D54A-49A1-8344-3041929A1876}.Debug|Any CPU.ActiveCfg = Debug|Any CPU
		{CBB82D5A-D54A-49A1-8344-3041929A1876}.Debug|Any CPU.Build.0 = Debug|Any CPU
		{CBB82D5A-D54A-49A1-8344-3041929A1876}.Debug|Mixed Platforms.ActiveCfg = Debug|Any CPU
		{CBB82D5A-D54A-49A1-8344-3041929A1876}.Debug|Mixed Platforms.Build.0 = Debug|Any CPU
		{CBB82D5A-D54A-49A1-8344-3041929A1876}.Debug|x86.ActiveCfg = Debug|Any CPU
		{CBB82D5A-D54A-49A1-8344-3041929A1876}.Release with Code Analysis|Any CPU.ActiveCfg = Release|Any CPU
		{CBB82D5A-D54A-49A1-8344-3041929A1876}.Release with Code Analysis|Any CPU.Build.0 = Release|Any CPU
		{CBB82D5A-D54A-49A1-8344-3041929A1876}.Release with Code Analysis|Mixed Platforms.ActiveCfg = Release|Any CPU
		{CBB82D5A-D54A-49A1-8344-3041929A1876}.Release with Code Analysis|Mixed Platforms.Build.0 = Release|Any CPU
		{CBB82D5A-D54A-49A1-8344-3041929A1876}.Release with Code Analysis|x86.ActiveCfg = Release|Any CPU
		{CBB82D5A-D54A-49A1-8344-3041929A1876}.Release|Any CPU.ActiveCfg = Release|Any CPU
		{CBB82D5A-D54A-49A1-8344-3041929A1876}.Release|Any CPU.Build.0 = Release|Any CPU
		{CBB82D5A-D54A-49A1-8344-3041929A1876}.Release|Mixed Platforms.ActiveCfg = Release|Any CPU
		{CBB82D5A-D54A-49A1-8344-3041929A1876}.Release|Mixed Platforms.Build.0 = Release|Any CPU
		{CBB82D5A-D54A-49A1-8344-3041929A1876}.Release|x86.ActiveCfg = Release|Any CPU
		{A9F69EB3-5235-4B36-ADC6-D99FBEB7A512}.Debug|Any CPU.ActiveCfg = Debug|Any CPU
		{A9F69EB3-5235-4B36-ADC6-D99FBEB7A512}.Debug|Any CPU.Build.0 = Debug|Any CPU
		{A9F69EB3-5235-4B36-ADC6-D99FBEB7A512}.Debug|Mixed Platforms.ActiveCfg = Debug|Any CPU
		{A9F69EB3-5235-4B36-ADC6-D99FBEB7A512}.Debug|Mixed Platforms.Build.0 = Debug|Any CPU
		{A9F69EB3-5235-4B36-ADC6-D99FBEB7A512}.Debug|x86.ActiveCfg = Debug|Any CPU
		{A9F69EB3-5235-4B36-ADC6-D99FBEB7A512}.Release with Code Analysis|Any CPU.ActiveCfg = Release|Any CPU
		{A9F69EB3-5235-4B36-ADC6-D99FBEB7A512}.Release with Code Analysis|Any CPU.Build.0 = Release|Any CPU
		{A9F69EB3-5235-4B36-ADC6-D99FBEB7A512}.Release with Code Analysis|Mixed Platforms.ActiveCfg = Release|Any CPU
		{A9F69EB3-5235-4B36-ADC6-D99FBEB7A512}.Release with Code Analysis|Mixed Platforms.Build.0 = Release|Any CPU
		{A9F69EB3-5235-4B36-ADC6-D99FBEB7A512}.Release with Code Analysis|x86.ActiveCfg = Release|Any CPU
		{A9F69EB3-5235-4B36-ADC6-D99FBEB7A512}.Release|Any CPU.ActiveCfg = Release|Any CPU
		{A9F69EB3-5235-4B36-ADC6-D99FBEB7A512}.Release|Any CPU.Build.0 = Release|Any CPU
		{A9F69EB3-5235-4B36-ADC6-D99FBEB7A512}.Release|Mixed Platforms.ActiveCfg = Release|Any CPU
		{A9F69EB3-5235-4B36-ADC6-D99FBEB7A512}.Release|Mixed Platforms.Build.0 = Release|Any CPU
		{A9F69EB3-5235-4B36-ADC6-D99FBEB7A512}.Release|x86.ActiveCfg = Release|Any CPU
		{E49532C0-201D-45C9-A5B5-5B7589FD4123}.Debug|Any CPU.ActiveCfg = Debug|Any CPU
		{E49532C0-201D-45C9-A5B5-5B7589FD4123}.Debug|Any CPU.Build.0 = Debug|Any CPU
		{E49532C0-201D-45C9-A5B5-5B7589FD4123}.Debug|Mixed Platforms.ActiveCfg = Debug|Any CPU
		{E49532C0-201D-45C9-A5B5-5B7589FD4123}.Debug|Mixed Platforms.Build.0 = Debug|Any CPU
		{E49532C0-201D-45C9-A5B5-5B7589FD4123}.Debug|x86.ActiveCfg = Debug|Any CPU
		{E49532C0-201D-45C9-A5B5-5B7589FD4123}.Release with Code Analysis|Any CPU.ActiveCfg = Release|Any CPU
		{E49532C0-201D-45C9-A5B5-5B7589FD4123}.Release with Code Analysis|Any CPU.Build.0 = Release|Any CPU
		{E49532C0-201D-45C9-A5B5-5B7589FD4123}.Release with Code Analysis|Mixed Platforms.ActiveCfg = Release|Any CPU
		{E49532C0-201D-45C9-A5B5-5B7589FD4123}.Release with Code Analysis|Mixed Platforms.Build.0 = Release|Any CPU
		{E49532C0-201D-45C9-A5B5-5B7589FD4123}.Release with Code Analysis|x86.ActiveCfg = Release|Any CPU
		{E49532C0-201D-45C9-A5B5-5B7589FD4123}.Release|Any CPU.ActiveCfg = Release|Any CPU
		{E49532C0-201D-45C9-A5B5-5B7589FD4123}.Release|Any CPU.Build.0 = Release|Any CPU
		{E49532C0-201D-45C9-A5B5-5B7589FD4123}.Release|Mixed Platforms.ActiveCfg = Release|Any CPU
		{E49532C0-201D-45C9-A5B5-5B7589FD4123}.Release|Mixed Platforms.Build.0 = Release|Any CPU
		{E49532C0-201D-45C9-A5B5-5B7589FD4123}.Release|x86.ActiveCfg = Release|Any CPU
		{3C75DCB5-024F-434F-BE26-B4AEA828B140}.Debug|Any CPU.ActiveCfg = Debug|Any CPU
		{3C75DCB5-024F-434F-BE26-B4AEA828B140}.Debug|Any CPU.Build.0 = Debug|Any CPU
		{3C75DCB5-024F-434F-BE26-B4AEA828B140}.Debug|Mixed Platforms.ActiveCfg = Debug|Any CPU
		{3C75DCB5-024F-434F-BE26-B4AEA828B140}.Debug|Mixed Platforms.Build.0 = Debug|Any CPU
		{3C75DCB5-024F-434F-BE26-B4AEA828B140}.Debug|x86.ActiveCfg = Debug|Any CPU
		{3C75DCB5-024F-434F-BE26-B4AEA828B140}.Release with Code Analysis|Any CPU.ActiveCfg = Release|Any CPU
		{3C75DCB5-024F-434F-BE26-B4AEA828B140}.Release with Code Analysis|Any CPU.Build.0 = Release|Any CPU
		{3C75DCB5-024F-434F-BE26-B4AEA828B140}.Release with Code Analysis|Mixed Platforms.ActiveCfg = Release|Any CPU
		{3C75DCB5-024F-434F-BE26-B4AEA828B140}.Release with Code Analysis|Mixed Platforms.Build.0 = Release|Any CPU
		{3C75DCB5-024F-434F-BE26-B4AEA828B140}.Release with Code Analysis|x86.ActiveCfg = Release|Any CPU
		{3C75DCB5-024F-434F-BE26-B4AEA828B140}.Release|Any CPU.ActiveCfg = Release|Any CPU
		{3C75DCB5-024F-434F-BE26-B4AEA828B140}.Release|Any CPU.Build.0 = Release|Any CPU
		{3C75DCB5-024F-434F-BE26-B4AEA828B140}.Release|Mixed Platforms.ActiveCfg = Release|Any CPU
		{3C75DCB5-024F-434F-BE26-B4AEA828B140}.Release|Mixed Platforms.Build.0 = Release|Any CPU
		{3C75DCB5-024F-434F-BE26-B4AEA828B140}.Release|x86.ActiveCfg = Release|Any CPU
		{6C55B776-26D4-4DB3-A6AB-87E783B2F3D1}.Debug|Any CPU.ActiveCfg = Debug|Any CPU
		{6C55B776-26D4-4DB3-A6AB-87E783B2F3D1}.Debug|Any CPU.Build.0 = Debug|Any CPU
		{6C55B776-26D4-4DB3-A6AB-87E783B2F3D1}.Debug|Mixed Platforms.ActiveCfg = Debug|Any CPU
		{6C55B776-26D4-4DB3-A6AB-87E783B2F3D1}.Debug|Mixed Platforms.Build.0 = Debug|Any CPU
		{6C55B776-26D4-4DB3-A6AB-87E783B2F3D1}.Debug|x86.ActiveCfg = Debug|Any CPU
		{6C55B776-26D4-4DB3-A6AB-87E783B2F3D1}.Release with Code Analysis|Any CPU.ActiveCfg = Release|Any CPU
		{6C55B776-26D4-4DB3-A6AB-87E783B2F3D1}.Release with Code Analysis|Any CPU.Build.0 = Release|Any CPU
		{6C55B776-26D4-4DB3-A6AB-87E783B2F3D1}.Release with Code Analysis|Mixed Platforms.ActiveCfg = Release|Any CPU
		{6C55B776-26D4-4DB3-A6AB-87E783B2F3D1}.Release with Code Analysis|Mixed Platforms.Build.0 = Release|Any CPU
		{6C55B776-26D4-4DB3-A6AB-87E783B2F3D1}.Release with Code Analysis|x86.ActiveCfg = Release|Any CPU
		{6C55B776-26D4-4DB3-A6AB-87E783B2F3D1}.Release|Any CPU.ActiveCfg = Release|Any CPU
		{6C55B776-26D4-4DB3-A6AB-87E783B2F3D1}.Release|Any CPU.Build.0 = Release|Any CPU
		{6C55B776-26D4-4DB3-A6AB-87E783B2F3D1}.Release|Mixed Platforms.ActiveCfg = Release|Any CPU
		{6C55B776-26D4-4DB3-A6AB-87E783B2F3D1}.Release|Mixed Platforms.Build.0 = Release|Any CPU
		{6C55B776-26D4-4DB3-A6AB-87E783B2F3D1}.Release|x86.ActiveCfg = Release|Any CPU
		{F6237B7D-9A3B-4F55-961B-72035B0DEA4D}.Debug|Any CPU.ActiveCfg = Debug|Any CPU
		{F6237B7D-9A3B-4F55-961B-72035B0DEA4D}.Debug|Any CPU.Build.0 = Debug|Any CPU
		{F6237B7D-9A3B-4F55-961B-72035B0DEA4D}.Debug|Mixed Platforms.ActiveCfg = Debug|Any CPU
		{F6237B7D-9A3B-4F55-961B-72035B0DEA4D}.Debug|Mixed Platforms.Build.0 = Debug|Any CPU
		{F6237B7D-9A3B-4F55-961B-72035B0DEA4D}.Debug|x86.ActiveCfg = Debug|Any CPU
		{F6237B7D-9A3B-4F55-961B-72035B0DEA4D}.Release with Code Analysis|Any CPU.ActiveCfg = Release|Any CPU
		{F6237B7D-9A3B-4F55-961B-72035B0DEA4D}.Release with Code Analysis|Any CPU.Build.0 = Release|Any CPU
		{F6237B7D-9A3B-4F55-961B-72035B0DEA4D}.Release with Code Analysis|Mixed Platforms.ActiveCfg = Release|Any CPU
		{F6237B7D-9A3B-4F55-961B-72035B0DEA4D}.Release with Code Analysis|Mixed Platforms.Build.0 = Release|Any CPU
		{F6237B7D-9A3B-4F55-961B-72035B0DEA4D}.Release with Code Analysis|x86.ActiveCfg = Release|Any CPU
		{F6237B7D-9A3B-4F55-961B-72035B0DEA4D}.Release|Any CPU.ActiveCfg = Release|Any CPU
		{F6237B7D-9A3B-4F55-961B-72035B0DEA4D}.Release|Any CPU.Build.0 = Release|Any CPU
		{F6237B7D-9A3B-4F55-961B-72035B0DEA4D}.Release|Mixed Platforms.ActiveCfg = Release|Any CPU
		{F6237B7D-9A3B-4F55-961B-72035B0DEA4D}.Release|Mixed Platforms.Build.0 = Release|Any CPU
		{F6237B7D-9A3B-4F55-961B-72035B0DEA4D}.Release|x86.ActiveCfg = Release|Any CPU
		{F32BAA9E-D765-4328-8031-1CDBB7A1BD72}.Debug|Any CPU.ActiveCfg = Debug|x86
		{F32BAA9E-D765-4328-8031-1CDBB7A1BD72}.Debug|Mixed Platforms.ActiveCfg = Debug|Any CPU
		{F32BAA9E-D765-4328-8031-1CDBB7A1BD72}.Debug|Mixed Platforms.Build.0 = Debug|Any CPU
		{F32BAA9E-D765-4328-8031-1CDBB7A1BD72}.Debug|x86.ActiveCfg = Debug|x86
		{F32BAA9E-D765-4328-8031-1CDBB7A1BD72}.Debug|x86.Build.0 = Debug|x86
		{F32BAA9E-D765-4328-8031-1CDBB7A1BD72}.Release with Code Analysis|Any CPU.ActiveCfg = Release|Any CPU
		{F32BAA9E-D765-4328-8031-1CDBB7A1BD72}.Release with Code Analysis|Any CPU.Build.0 = Release|Any CPU
		{F32BAA9E-D765-4328-8031-1CDBB7A1BD72}.Release with Code Analysis|Mixed Platforms.ActiveCfg = Release|Any CPU
		{F32BAA9E-D765-4328-8031-1CDBB7A1BD72}.Release with Code Analysis|Mixed Platforms.Build.0 = Release|Any CPU
		{F32BAA9E-D765-4328-8031-1CDBB7A1BD72}.Release with Code Analysis|x86.ActiveCfg = Release|Any CPU
		{F32BAA9E-D765-4328-8031-1CDBB7A1BD72}.Release|Any CPU.ActiveCfg = Release|x86
		{F32BAA9E-D765-4328-8031-1CDBB7A1BD72}.Release|Mixed Platforms.ActiveCfg = Release|x86
		{F32BAA9E-D765-4328-8031-1CDBB7A1BD72}.Release|Mixed Platforms.Build.0 = Release|x86
		{F32BAA9E-D765-4328-8031-1CDBB7A1BD72}.Release|x86.ActiveCfg = Release|x86
		{F32BAA9E-D765-4328-8031-1CDBB7A1BD72}.Release|x86.Build.0 = Release|x86
		{B437DF5F-20E0-4082-A92E-5C1D9C31A8E9}.Debug|Any CPU.ActiveCfg = Debug|Any CPU
		{B437DF5F-20E0-4082-A92E-5C1D9C31A8E9}.Debug|Any CPU.Build.0 = Debug|Any CPU
		{B437DF5F-20E0-4082-A92E-5C1D9C31A8E9}.Debug|Mixed Platforms.ActiveCfg = Debug|Any CPU
		{B437DF5F-20E0-4082-A92E-5C1D9C31A8E9}.Debug|Mixed Platforms.Build.0 = Debug|Any CPU
		{B437DF5F-20E0-4082-A92E-5C1D9C31A8E9}.Debug|x86.ActiveCfg = Debug|Any CPU
		{B437DF5F-20E0-4082-A92E-5C1D9C31A8E9}.Release with Code Analysis|Any CPU.ActiveCfg = Release|Any CPU
		{B437DF5F-20E0-4082-A92E-5C1D9C31A8E9}.Release with Code Analysis|Any CPU.Build.0 = Release|Any CPU
		{B437DF5F-20E0-4082-A92E-5C1D9C31A8E9}.Release with Code Analysis|Mixed Platforms.ActiveCfg = Release|Any CPU
		{B437DF5F-20E0-4082-A92E-5C1D9C31A8E9}.Release with Code Analysis|Mixed Platforms.Build.0 = Release|Any CPU
		{B437DF5F-20E0-4082-A92E-5C1D9C31A8E9}.Release with Code Analysis|x86.ActiveCfg = Release|Any CPU
		{B437DF5F-20E0-4082-A92E-5C1D9C31A8E9}.Release|Any CPU.ActiveCfg = Release|Any CPU
		{B437DF5F-20E0-4082-A92E-5C1D9C31A8E9}.Release|Any CPU.Build.0 = Release|Any CPU
		{B437DF5F-20E0-4082-A92E-5C1D9C31A8E9}.Release|Mixed Platforms.ActiveCfg = Release|Any CPU
		{B437DF5F-20E0-4082-A92E-5C1D9C31A8E9}.Release|Mixed Platforms.Build.0 = Release|Any CPU
		{B437DF5F-20E0-4082-A92E-5C1D9C31A8E9}.Release|x86.ActiveCfg = Release|Any CPU
		{7F9DD2FC-B1FB-4CCE-AE6A-9F72DD296BC2}.Debug|Any CPU.ActiveCfg = Debug|Any CPU
		{7F9DD2FC-B1FB-4CCE-AE6A-9F72DD296BC2}.Debug|Any CPU.Build.0 = Debug|Any CPU
		{7F9DD2FC-B1FB-4CCE-AE6A-9F72DD296BC2}.Debug|Mixed Platforms.ActiveCfg = Debug|Any CPU
		{7F9DD2FC-B1FB-4CCE-AE6A-9F72DD296BC2}.Debug|Mixed Platforms.Build.0 = Debug|Any CPU
		{7F9DD2FC-B1FB-4CCE-AE6A-9F72DD296BC2}.Debug|x86.ActiveCfg = Debug|Any CPU
		{7F9DD2FC-B1FB-4CCE-AE6A-9F72DD296BC2}.Release with Code Analysis|Any CPU.ActiveCfg = Release|Any CPU
		{7F9DD2FC-B1FB-4CCE-AE6A-9F72DD296BC2}.Release with Code Analysis|Any CPU.Build.0 = Release|Any CPU
		{7F9DD2FC-B1FB-4CCE-AE6A-9F72DD296BC2}.Release with Code Analysis|Mixed Platforms.ActiveCfg = Release|Any CPU
		{7F9DD2FC-B1FB-4CCE-AE6A-9F72DD296BC2}.Release with Code Analysis|Mixed Platforms.Build.0 = Release|Any CPU
		{7F9DD2FC-B1FB-4CCE-AE6A-9F72DD296BC2}.Release with Code Analysis|x86.ActiveCfg = Release|Any CPU
		{7F9DD2FC-B1FB-4CCE-AE6A-9F72DD296BC2}.Release|Any CPU.ActiveCfg = Release|Any CPU
		{7F9DD2FC-B1FB-4CCE-AE6A-9F72DD296BC2}.Release|Any CPU.Build.0 = Release|Any CPU
		{7F9DD2FC-B1FB-4CCE-AE6A-9F72DD296BC2}.Release|Mixed Platforms.ActiveCfg = Release|Any CPU
		{7F9DD2FC-B1FB-4CCE-AE6A-9F72DD296BC2}.Release|Mixed Platforms.Build.0 = Release|Any CPU
		{7F9DD2FC-B1FB-4CCE-AE6A-9F72DD296BC2}.Release|x86.ActiveCfg = Release|Any CPU
		{2EFA7594-245C-41BA-A4D6-C1579ABE85C9}.Debug|Any CPU.ActiveCfg = Debug|Any CPU
		{2EFA7594-245C-41BA-A4D6-C1579ABE85C9}.Debug|Any CPU.Build.0 = Debug|Any CPU
		{2EFA7594-245C-41BA-A4D6-C1579ABE85C9}.Debug|Mixed Platforms.ActiveCfg = Debug|Any CPU
		{2EFA7594-245C-41BA-A4D6-C1579ABE85C9}.Debug|Mixed Platforms.Build.0 = Debug|Any CPU
		{2EFA7594-245C-41BA-A4D6-C1579ABE85C9}.Debug|x86.ActiveCfg = Debug|Any CPU
		{2EFA7594-245C-41BA-A4D6-C1579ABE85C9}.Release with Code Analysis|Any CPU.ActiveCfg = Release|Any CPU
		{2EFA7594-245C-41BA-A4D6-C1579ABE85C9}.Release with Code Analysis|Any CPU.Build.0 = Release|Any CPU
		{2EFA7594-245C-41BA-A4D6-C1579ABE85C9}.Release with Code Analysis|Mixed Platforms.ActiveCfg = Release|Any CPU
		{2EFA7594-245C-41BA-A4D6-C1579ABE85C9}.Release with Code Analysis|Mixed Platforms.Build.0 = Release|Any CPU
		{2EFA7594-245C-41BA-A4D6-C1579ABE85C9}.Release with Code Analysis|x86.ActiveCfg = Release|Any CPU
		{2EFA7594-245C-41BA-A4D6-C1579ABE85C9}.Release|Any CPU.ActiveCfg = Release|Any CPU
		{2EFA7594-245C-41BA-A4D6-C1579ABE85C9}.Release|Any CPU.Build.0 = Release|Any CPU
		{2EFA7594-245C-41BA-A4D6-C1579ABE85C9}.Release|Mixed Platforms.ActiveCfg = Release|Any CPU
		{2EFA7594-245C-41BA-A4D6-C1579ABE85C9}.Release|Mixed Platforms.Build.0 = Release|Any CPU
		{2EFA7594-245C-41BA-A4D6-C1579ABE85C9}.Release|x86.ActiveCfg = Release|Any CPU
		{84CCDA39-04CC-4CC5-B164-9ED604247DCD}.Debug|Any CPU.ActiveCfg = Debug
		{84CCDA39-04CC-4CC5-B164-9ED604247DCD}.Debug|Mixed Platforms.ActiveCfg = Debug
		{84CCDA39-04CC-4CC5-B164-9ED604247DCD}.Debug|x86.ActiveCfg = Debug
		{84CCDA39-04CC-4CC5-B164-9ED604247DCD}.Release with Code Analysis|Any CPU.ActiveCfg = Release
		{84CCDA39-04CC-4CC5-B164-9ED604247DCD}.Release with Code Analysis|Any CPU.Build.0 = Release
		{84CCDA39-04CC-4CC5-B164-9ED604247DCD}.Release with Code Analysis|Mixed Platforms.ActiveCfg = Release
		{84CCDA39-04CC-4CC5-B164-9ED604247DCD}.Release with Code Analysis|Mixed Platforms.Build.0 = Release
		{84CCDA39-04CC-4CC5-B164-9ED604247DCD}.Release with Code Analysis|x86.ActiveCfg = Release
		{84CCDA39-04CC-4CC5-B164-9ED604247DCD}.Release with Code Analysis|x86.Build.0 = Release
		{84CCDA39-04CC-4CC5-B164-9ED604247DCD}.Release|Any CPU.ActiveCfg = Release
		{84CCDA39-04CC-4CC5-B164-9ED604247DCD}.Release|Mixed Platforms.ActiveCfg = Release
		{84CCDA39-04CC-4CC5-B164-9ED604247DCD}.Release|x86.ActiveCfg = Release
		{449AD090-26E6-496B-B93C-7309E2A29FA0}.Debug|Any CPU.ActiveCfg = Debug|x86
		{449AD090-26E6-496B-B93C-7309E2A29FA0}.Debug|Mixed Platforms.ActiveCfg = Debug|Any CPU
		{449AD090-26E6-496B-B93C-7309E2A29FA0}.Debug|Mixed Platforms.Build.0 = Debug|Any CPU
		{449AD090-26E6-496B-B93C-7309E2A29FA0}.Debug|x86.ActiveCfg = Debug|x86
		{449AD090-26E6-496B-B93C-7309E2A29FA0}.Debug|x86.Build.0 = Debug|x86
		{449AD090-26E6-496B-B93C-7309E2A29FA0}.Release with Code Analysis|Any CPU.ActiveCfg = Release|Any CPU
		{449AD090-26E6-496B-B93C-7309E2A29FA0}.Release with Code Analysis|Any CPU.Build.0 = Release|Any CPU
		{449AD090-26E6-496B-B93C-7309E2A29FA0}.Release with Code Analysis|Mixed Platforms.ActiveCfg = Release|Any CPU
		{449AD090-26E6-496B-B93C-7309E2A29FA0}.Release with Code Analysis|Mixed Platforms.Build.0 = Release|Any CPU
		{449AD090-26E6-496B-B93C-7309E2A29FA0}.Release with Code Analysis|x86.ActiveCfg = Release|Any CPU
		{449AD090-26E6-496B-B93C-7309E2A29FA0}.Release|Any CPU.ActiveCfg = Release|x86
		{449AD090-26E6-496B-B93C-7309E2A29FA0}.Release|Mixed Platforms.ActiveCfg = Release|x86
		{449AD090-26E6-496B-B93C-7309E2A29FA0}.Release|Mixed Platforms.Build.0 = Release|x86
		{449AD090-26E6-496B-B93C-7309E2A29FA0}.Release|x86.ActiveCfg = Release|x86
		{449AD090-26E6-496B-B93C-7309E2A29FA0}.Release|x86.Build.0 = Release|x86
		{B7D157CE-1EA9-493D-BD75-B747B7BDCD69}.Debug|Any CPU.ActiveCfg = Debug|Any CPU
		{B7D157CE-1EA9-493D-BD75-B747B7BDCD69}.Debug|Any CPU.Build.0 = Debug|Any CPU
		{B7D157CE-1EA9-493D-BD75-B747B7BDCD69}.Debug|Mixed Platforms.ActiveCfg = Debug|Any CPU
		{B7D157CE-1EA9-493D-BD75-B747B7BDCD69}.Debug|Mixed Platforms.Build.0 = Debug|Any CPU
		{B7D157CE-1EA9-493D-BD75-B747B7BDCD69}.Debug|x86.ActiveCfg = Debug|Any CPU
		{B7D157CE-1EA9-493D-BD75-B747B7BDCD69}.Release with Code Analysis|Any CPU.ActiveCfg = Release|Any CPU
		{B7D157CE-1EA9-493D-BD75-B747B7BDCD69}.Release with Code Analysis|Any CPU.Build.0 = Release|Any CPU
		{B7D157CE-1EA9-493D-BD75-B747B7BDCD69}.Release with Code Analysis|Mixed Platforms.ActiveCfg = Release|Any CPU
		{B7D157CE-1EA9-493D-BD75-B747B7BDCD69}.Release with Code Analysis|Mixed Platforms.Build.0 = Release|Any CPU
		{B7D157CE-1EA9-493D-BD75-B747B7BDCD69}.Release with Code Analysis|x86.ActiveCfg = Release|Any CPU
		{B7D157CE-1EA9-493D-BD75-B747B7BDCD69}.Release|Any CPU.ActiveCfg = Release|Any CPU
		{B7D157CE-1EA9-493D-BD75-B747B7BDCD69}.Release|Any CPU.Build.0 = Release|Any CPU
		{B7D157CE-1EA9-493D-BD75-B747B7BDCD69}.Release|Mixed Platforms.ActiveCfg = Release|Any CPU
		{B7D157CE-1EA9-493D-BD75-B747B7BDCD69}.Release|Mixed Platforms.Build.0 = Release|Any CPU
		{B7D157CE-1EA9-493D-BD75-B747B7BDCD69}.Release|x86.ActiveCfg = Release|Any CPU
		{B3763BD7-9913-486D-A1BC-2DFFA6F0682D}.Debug|Any CPU.ActiveCfg = Debug|Any CPU
		{B3763BD7-9913-486D-A1BC-2DFFA6F0682D}.Debug|Any CPU.Build.0 = Debug|Any CPU
		{B3763BD7-9913-486D-A1BC-2DFFA6F0682D}.Debug|Mixed Platforms.ActiveCfg = Debug|Any CPU
		{B3763BD7-9913-486D-A1BC-2DFFA6F0682D}.Debug|Mixed Platforms.Build.0 = Debug|Any CPU
		{B3763BD7-9913-486D-A1BC-2DFFA6F0682D}.Debug|x86.ActiveCfg = Debug|Any CPU
		{B3763BD7-9913-486D-A1BC-2DFFA6F0682D}.Release with Code Analysis|Any CPU.ActiveCfg = Release|Any CPU
		{B3763BD7-9913-486D-A1BC-2DFFA6F0682D}.Release with Code Analysis|Any CPU.Build.0 = Release|Any CPU
		{B3763BD7-9913-486D-A1BC-2DFFA6F0682D}.Release with Code Analysis|Mixed Platforms.ActiveCfg = Release|Any CPU
		{B3763BD7-9913-486D-A1BC-2DFFA6F0682D}.Release with Code Analysis|Mixed Platforms.Build.0 = Release|Any CPU
		{B3763BD7-9913-486D-A1BC-2DFFA6F0682D}.Release with Code Analysis|x86.ActiveCfg = Release|Any CPU
		{B3763BD7-9913-486D-A1BC-2DFFA6F0682D}.Release|Any CPU.ActiveCfg = Release|Any CPU
		{B3763BD7-9913-486D-A1BC-2DFFA6F0682D}.Release|Any CPU.Build.0 = Release|Any CPU
		{B3763BD7-9913-486D-A1BC-2DFFA6F0682D}.Release|Mixed Platforms.ActiveCfg = Release|Any CPU
		{B3763BD7-9913-486D-A1BC-2DFFA6F0682D}.Release|Mixed Platforms.Build.0 = Release|Any CPU
		{B3763BD7-9913-486D-A1BC-2DFFA6F0682D}.Release|x86.ActiveCfg = Release|Any CPU
		{97A51588-9D03-46C3-B101-1AF10BC285F5}.Debug|Any CPU.ActiveCfg = Debug|Any CPU
		{97A51588-9D03-46C3-B101-1AF10BC285F5}.Debug|Any CPU.Build.0 = Debug|Any CPU
		{97A51588-9D03-46C3-B101-1AF10BC285F5}.Debug|Mixed Platforms.ActiveCfg = Debug|Any CPU
		{97A51588-9D03-46C3-B101-1AF10BC285F5}.Debug|Mixed Platforms.Build.0 = Debug|Any CPU
		{97A51588-9D03-46C3-B101-1AF10BC285F5}.Debug|x86.ActiveCfg = Debug|Any CPU
		{97A51588-9D03-46C3-B101-1AF10BC285F5}.Release with Code Analysis|Any CPU.ActiveCfg = Release|Any CPU
		{97A51588-9D03-46C3-B101-1AF10BC285F5}.Release with Code Analysis|Any CPU.Build.0 = Release|Any CPU
		{97A51588-9D03-46C3-B101-1AF10BC285F5}.Release with Code Analysis|Mixed Platforms.ActiveCfg = Release|Any CPU
		{97A51588-9D03-46C3-B101-1AF10BC285F5}.Release with Code Analysis|Mixed Platforms.Build.0 = Release|Any CPU
		{97A51588-9D03-46C3-B101-1AF10BC285F5}.Release with Code Analysis|x86.ActiveCfg = Release|Any CPU
		{97A51588-9D03-46C3-B101-1AF10BC285F5}.Release|Any CPU.ActiveCfg = Release|Any CPU
		{97A51588-9D03-46C3-B101-1AF10BC285F5}.Release|Any CPU.Build.0 = Release|Any CPU
		{97A51588-9D03-46C3-B101-1AF10BC285F5}.Release|Mixed Platforms.ActiveCfg = Release|Any CPU
		{97A51588-9D03-46C3-B101-1AF10BC285F5}.Release|Mixed Platforms.Build.0 = Release|Any CPU
		{97A51588-9D03-46C3-B101-1AF10BC285F5}.Release|x86.ActiveCfg = Release|Any CPU
		{2CA5E547-4567-45C9-8240-A408BCA5C714}.Debug|Any CPU.ActiveCfg = Debug|Any CPU
		{2CA5E547-4567-45C9-8240-A408BCA5C714}.Debug|Any CPU.Build.0 = Debug|Any CPU
		{2CA5E547-4567-45C9-8240-A408BCA5C714}.Debug|Mixed Platforms.ActiveCfg = Debug|Any CPU
		{2CA5E547-4567-45C9-8240-A408BCA5C714}.Debug|Mixed Platforms.Build.0 = Debug|Any CPU
		{2CA5E547-4567-45C9-8240-A408BCA5C714}.Debug|x86.ActiveCfg = Debug|Any CPU
		{2CA5E547-4567-45C9-8240-A408BCA5C714}.Release with Code Analysis|Any CPU.ActiveCfg = Release with Code Analysis|Any CPU
		{2CA5E547-4567-45C9-8240-A408BCA5C714}.Release with Code Analysis|Any CPU.Build.0 = Release with Code Analysis|Any CPU
		{2CA5E547-4567-45C9-8240-A408BCA5C714}.Release with Code Analysis|Mixed Platforms.ActiveCfg = Release with Code Analysis|Any CPU
		{2CA5E547-4567-45C9-8240-A408BCA5C714}.Release with Code Analysis|Mixed Platforms.Build.0 = Release with Code Analysis|Any CPU
		{2CA5E547-4567-45C9-8240-A408BCA5C714}.Release with Code Analysis|x86.ActiveCfg = Release with Code Analysis|Any CPU
		{2CA5E547-4567-45C9-8240-A408BCA5C714}.Release|Any CPU.ActiveCfg = Release|Any CPU
		{2CA5E547-4567-45C9-8240-A408BCA5C714}.Release|Any CPU.Build.0 = Release|Any CPU
		{2CA5E547-4567-45C9-8240-A408BCA5C714}.Release|Mixed Platforms.ActiveCfg = Release|Any CPU
		{2CA5E547-4567-45C9-8240-A408BCA5C714}.Release|Mixed Platforms.Build.0 = Release|Any CPU
		{2CA5E547-4567-45C9-8240-A408BCA5C714}.Release|x86.ActiveCfg = Release|Any CPU
		{C77BABE4-5B91-4AF0-BA4A-C6D0CC355F40}.Debug|Any CPU.ActiveCfg = Debug|Any CPU
		{C77BABE4-5B91-4AF0-BA4A-C6D0CC355F40}.Debug|Any CPU.Build.0 = Debug|Any CPU
		{C77BABE4-5B91-4AF0-BA4A-C6D0CC355F40}.Debug|Mixed Platforms.ActiveCfg = Debug|Any CPU
		{C77BABE4-5B91-4AF0-BA4A-C6D0CC355F40}.Debug|Mixed Platforms.Build.0 = Debug|Any CPU
		{C77BABE4-5B91-4AF0-BA4A-C6D0CC355F40}.Debug|x86.ActiveCfg = Debug|Any CPU
		{C77BABE4-5B91-4AF0-BA4A-C6D0CC355F40}.Release with Code Analysis|Any CPU.ActiveCfg = Release|Any CPU
		{C77BABE4-5B91-4AF0-BA4A-C6D0CC355F40}.Release with Code Analysis|Any CPU.Build.0 = Release|Any CPU
		{C77BABE4-5B91-4AF0-BA4A-C6D0CC355F40}.Release with Code Analysis|Mixed Platforms.ActiveCfg = Release|Any CPU
		{C77BABE4-5B91-4AF0-BA4A-C6D0CC355F40}.Release with Code Analysis|Mixed Platforms.Build.0 = Release|Any CPU
		{C77BABE4-5B91-4AF0-BA4A-C6D0CC355F40}.Release with Code Analysis|x86.ActiveCfg = Release|Any CPU
		{C77BABE4-5B91-4AF0-BA4A-C6D0CC355F40}.Release|Any CPU.ActiveCfg = Release|Any CPU
		{C77BABE4-5B91-4AF0-BA4A-C6D0CC355F40}.Release|Any CPU.Build.0 = Release|Any CPU
		{C77BABE4-5B91-4AF0-BA4A-C6D0CC355F40}.Release|Mixed Platforms.ActiveCfg = Release|Any CPU
		{C77BABE4-5B91-4AF0-BA4A-C6D0CC355F40}.Release|Mixed Platforms.Build.0 = Release|Any CPU
		{C77BABE4-5B91-4AF0-BA4A-C6D0CC355F40}.Release|x86.ActiveCfg = Release|Any CPU
	EndGlobalSection
	GlobalSection(SolutionProperties) = preSolution
		HideSolutionNode = FALSE
	EndGlobalSection
EndGlobal
